<?xml version="1.0" encoding="utf-8"?>
<Project ToolsVersion="4.0" xmlns="http://schemas.microsoft.com/developer/msbuild/2003">
  <ItemGroup>
    <Filter Include="Resource Files">
      <UniqueIdentifier>{67DA6AB6-F800-4c08-8B7A-83BB121AAD01}</UniqueIdentifier>
      <Extensions>rc;ico;cur;bmp;dlg;rc2;rct;bin;rgs;gif;jpg;jpeg;jpe;resx;tiff;tif;png;wav;mfcribbon-ms</Extensions>
    </Filter>
    <Filter Include="Source">
      <UniqueIdentifier>{d4cfabfd-917d-4e9f-9bae-021818cc7908}</UniqueIdentifier>
    </Filter>
    <Filter Include="Source\pch">
      <UniqueIdentifier>{38219cea-9600-45f6-9dcb-47b363577596}</UniqueIdentifier>
    </Filter>
    <Filter Include="Source\Core">
      <UniqueIdentifier>{77cec8e8-7ba2-448a-b8d1-08a2ff8e9d3b}</UniqueIdentifier>
    </Filter>
    <Filter Include="Source\Core\Public">
      <UniqueIdentifier>{256e419e-e022-48b2-a90b-a9f3bf1df748}</UniqueIdentifier>
    </Filter>
    <Filter Include="Source\Core\Private">
      <UniqueIdentifier>{1f6a1c82-296d-4fdd-8ae1-67a1b4afd101}</UniqueIdentifier>
    </Filter>
    <Filter Include="Source\Core\Classes">
      <UniqueIdentifier>{45a26b07-af34-4dc5-85af-7c55fb8d3b0b}</UniqueIdentifier>
    </Filter>
    <Filter Include="Source\Common">
      <UniqueIdentifier>{4ec650cb-312e-471c-8d90-4213a53f1cff}</UniqueIdentifier>
    </Filter>
    <Filter Include="Source\Common\Classes">
      <UniqueIdentifier>{5492dc64-a996-4ac3-9586-181b02378cab}</UniqueIdentifier>
    </Filter>
    <Filter Include="Source\Common\Private">
      <UniqueIdentifier>{918097a9-23ef-47e8-be7d-c45f139b6c51}</UniqueIdentifier>
    </Filter>
    <Filter Include="Source\Common\Public">
      <UniqueIdentifier>{5176ba81-088e-4cbf-965b-6cefa6b402a7}</UniqueIdentifier>
    </Filter>
    <Filter Include="Source\Platform">
      <UniqueIdentifier>{6a91f2a8-a2e9-40e5-a47f-89305c045004}</UniqueIdentifier>
    </Filter>
    <Filter Include="Source\Platform\Win32">
      <UniqueIdentifier>{4f19f958-9bae-4ad6-8f94-ba4dd6c6421d}</UniqueIdentifier>
    </Filter>
    <Filter Include="Source\Platform\Win32\Public">
      <UniqueIdentifier>{0bf509ff-5f98-4b93-88c2-7bcad3cb4ede}</UniqueIdentifier>
    </Filter>
    <Filter Include="Source\Platform\Win32\Private">
      <UniqueIdentifier>{0ed7e699-7527-4b83-96c5-f9c8d33553c4}</UniqueIdentifier>
    </Filter>
    <Filter Include="Source\Platform\Win32\Classes">
      <UniqueIdentifier>{11c61a3f-4efa-42e7-8c61-b1e54b27d8a4}</UniqueIdentifier>
    </Filter>
    <Filter Include="Source\Engine">
      <UniqueIdentifier>{14f244b9-e67d-4748-8f50-306f1e9f2840}</UniqueIdentifier>
    </Filter>
    <Filter Include="Source\Engine\Classes">
      <UniqueIdentifier>{07206e26-c4a6-4238-b49b-604b817bb11f}</UniqueIdentifier>
    </Filter>
    <Filter Include="Source\Engine\Public">
      <UniqueIdentifier>{d5cd8fd8-8c11-4689-9a71-5f0544d11433}</UniqueIdentifier>
    </Filter>
    <Filter Include="Source\Engine\Private">
      <UniqueIdentifier>{4d68e2fb-60b8-423b-8d20-24c96e91337a}</UniqueIdentifier>
    </Filter>
  </ItemGroup>
  <ItemGroup>
    <ClCompile Include="Source\RenderKing.cpp">
      <Filter>Source\pch</Filter>
    </ClCompile>
    <ClCompile Include="Source\Core\PerGameSettings.cpp">
      <Filter>Source\Core\Private</Filter>
    </ClCompile>
    <ClCompile Include="Source\Core\Core.cpp">
      <Filter>Source\Core\Private</Filter>
    </ClCompile>
    <ClCompile Include="Source\Core\CoreMinimal.cpp">
      <Filter>Source\Core\Private</Filter>
    </ClCompile>
    <ClCompile Include="Source\Common\Time.cpp">
      <Filter>Source\Common\Private</Filter>
    </ClCompile>
    <ClCompile Include="Source\Common\Logger.cpp">
      <Filter>Source\Common\Private</Filter>
    </ClCompile>
    <ClCompile Include="Source\Core\CoreDefinitions.cpp">
      <Filter>Source\Core\Private</Filter>
    </ClCompile>
    <ClCompile Include="Source\Engine\RKEngine.cpp">
      <Filter>Source\Engine\Private</Filter>
    </ClCompile>
    <ClCompile Include="Source\Engine\Simulation.cpp">
      <Filter>Source\Engine\Private</Filter>
    </ClCompile>
    <ClCompile Include="Source\Common\CmdLineArgs.cpp">
      <Filter>Source\Common\Private</Filter>
    </ClCompile>
    <ClCompile Include="Source\Platform\Windows32\IApplication.cpp">
      <Filter>Source\Platform\Win32\Private</Filter>
    </ClCompile>
    <ClCompile Include="Source\Engine\SplashScreen.cpp">
      <Filter>Source\Engine\Private</Filter>
    </ClCompile>
    <ClCompile Include="Source\Platform\Windows32\Window.cpp">
      <Filter>Source\Platform\Win32\Private</Filter>
    </ClCompile>
    <ClCompile Include="Source\Platform\Windows32\SubObject.cpp">
      <Filter>Source\Platform\Win32\Private</Filter>
    </ClCompile>
    <ClCompile Include="Source\Platform\Windows32\Win32Utils.cpp">
      <Filter>Source\Platform\Win32\Private</Filter>
    </ClCompile>
    <ClCompile Include="Source\Platform\Windows32\Caption.cpp">
      <Filter>Source\Platform\Win32\Private</Filter>
    </ClCompile>
  </ItemGroup>
  <ItemGroup>
    <ClInclude Include="Source\RenderKing.h">
      <Filter>Source\pch</Filter>
    </ClInclude>
    <ClInclude Include="Source\Core\PerGameSettings.h">
      <Filter>Source\Core\Classes</Filter>
    </ClInclude>
    <ClInclude Include="Source\Core\Core.h">
      <Filter>Source\Core\Public</Filter>
    </ClInclude>
    <ClInclude Include="Source\Core\CoreMinimal.h">
      <Filter>Source\Core\Public</Filter>
    </ClInclude>
    <ClInclude Include="Source\Common\Logger.h">
      <Filter>Source\Common\Classes</Filter>
    </ClInclude>
    <ClInclude Include="Source\Common\Time.h">
      <Filter>Source\Common\Public</Filter>
    </ClInclude>
    <ClInclude Include="Source\Core\CoreDefinitions.h">
      <Filter>Source\Core\Public</Filter>
    </ClInclude>
    <ClInclude Include="Source\Engine\RKEngine.h">
      <Filter>Source\Engine\Classes</Filter>
    </ClInclude>
    <ClInclude Include="Source\Engine\Simulation.h">
      <Filter>Source\Engine\Classes</Filter>
    </ClInclude>
    <ClInclude Include="Source\Common\CmdLineArgs.h">
      <Filter>Source\Common\Public</Filter>
    </ClInclude>
    <ClInclude Include="Source\Platform\Windows32\WinEntry.h">
      <Filter>Source\Platform\Win32\Public</Filter>
    </ClInclude>
    <ClInclude Include="Source\Platform\Windows32\IApplication.h">
      <Filter>Source\Platform\Win32\Classes</Filter>
    </ClInclude>
    <ClInclude Include="Source\Engine\SplashScreen.h">
      <Filter>Source\Engine\Public</Filter>
    </ClInclude>
    <ClInclude Include="Source\Platform\Windows32\SubObject.h">
      <Filter>Source\Platform\Win32\Classes</Filter>
    </ClInclude>
    <ClInclude Include="Source\Platform\Windows32\Window.h">
      <Filter>Source\Platform\Win32\Classes</Filter>
    </ClInclude>
    <ClInclude Include="Source\Platform\Windows32\Win32Utils.h">
      <Filter>Source\Platform\Win32\Public</Filter>
    </ClInclude>
    <ClInclude Include="Source\Platform\Windows32\Caption.h">
      <Filter>Source\Platform\Win32\Classes</Filter>
    </ClInclude>
  </ItemGroup>
</Project>